
Microsoft Visual Studio Solution File, Format Version 12.00
# Visual Studio 2013
VisualStudioVersion = 12.0.40629.0
MinimumVisualStudioVersion = 10.0.40219.1
Project("{FAE04EC0-301F-11D3-BF4B-00C04F79EFBC}") = "ThirdAssignment", "ThirdAssignment\ThirdAssignment.csproj", "{6A1B7F8B-2082-451B-B981-BF57142B3532}"
EndProject
Project("{FAE04EC0-301F-11D3-BF4B-00C04F79EFBC}") = "ClinicSecretary", "ClinicSecretary\ClinicSecretary.csproj", "{9E165A8F-06D0-48F1-A11E-1D041178D364}"
EndProject
Project("{FAE04EC0-301F-11D3-BF4B-00C04F79EFBC}") = "Doctors", "Doctors\Doctors.csproj", "{90D2386B-F2BB-463F-BADE-94E4A3D399D5}"
EndProject
Project("{FAE04EC0-301F-11D3-BF4B-00C04F79EFBC}") = "Administrator", "Administrator\Administrator.csproj", "{C2CFD390-928F-46D8-ADC2-CC0A21DFB467}"
EndProject
Global
	GlobalSection(SolutionConfigurationPlatforms) = preSolution
		Debug|Any CPU = Debug|Any CPU
		Release|Any CPU = Release|Any CPU
	EndGlobalSection
	GlobalSection(ProjectConfigurationPlatforms) = postSolution
		{6A1B7F8B-2082-451B-B981-BF57142B3532}.Debug|Any CPU.ActiveCfg = Debug|Any CPU
		{6A1B7F8B-2082-451B-B981-BF57142B3532}.Debug|Any CPU.Build.0 = Debug|Any CPU
		{6A1B7F8B-2082-451B-B981-BF57142B3532}.Release|Any CPU.ActiveCfg = Release|Any CPU
		{6A1B7F8B-2082-451B-B981-BF57142B3532}.Release|Any CPU.Build.0 = Release|Any CPU
		{9E165A8F-06D0-48F1-A11E-1D041178D364}.Debug|Any CPU.ActiveCfg = Debug|Any CPU
		{9E165A8F-06D0-48F1-A11E-1D041178D364}.Debug|Any CPU.Build.0 = Debug|Any CPU
		{9E165A8F-06D0-48F1-A11E-1D041178D364}.Release|Any CPU.ActiveCfg = Release|Any CPU
		{9E165A8F-06D0-48F1-A11E-1D041178D364}.Release|Any CPU.Build.0 = Release|Any CPU
		{90D2386B-F2BB-463F-BADE-94E4A3D399D5}.Debug|Any CPU.ActiveCfg = Debug|Any CPU
		{90D2386B-F2BB-463F-BADE-94E4A3D399D5}.Debug|Any CPU.Build.0 = Debug|Any CPU
		{90D2386B-F2BB-463F-BADE-94E4A3D399D5}.Release|Any CPU.ActiveCfg = Release|Any CPU
		{90D2386B-F2BB-463F-BADE-94E4A3D399D5}.Release|Any CPU.Build.0 = Release|Any CPU
		{C2CFD390-928F-46D8-ADC2-CC0A21DFB467}.Debug|Any CPU.ActiveCfg = Debug|Any CPU
		{C2CFD390-928F-46D8-ADC2-CC0A21DFB467}.Debug|Any CPU.Build.0 = Debug|Any CPU
		{C2CFD390-928F-46D8-ADC2-CC0A21DFB467}.Release|Any CPU.ActiveCfg = Release|Any CPU
		{C2CFD390-928F-46D8-ADC2-CC0A21DFB467}.Release|Any CPU.Build.0 = Release|Any CPU
	EndGlobalSection
	GlobalSection(SolutionProperties) = preSolution
		HideSolutionNode = FALSE
	EndGlobalSection
EndGlobal
